{
    "_readme": [
        "This file locks the dependencies of your project to a known state",
        "Read more about it at https://getcomposer.org/doc/01-basic-usage.md#installing-dependencies",
        "This file is @generated automatically"
    ],
    "content-hash": "c8408d72a997b577dc57d40feddf7586",
    "packages": [
        {
            "name": "jetbrains/phpstorm-stubs",
            "version": "v2023.3",
            "source": {
                "type": "git",
                "url": "https://github.com/JetBrains/phpstorm-stubs.git",
                "reference": "99d8bcab934ae5362f33660b1cd4b8c4d617c40b"
            },
            "dist": {
                "type": "zip",
                "url": "https://api.github.com/repos/JetBrains/phpstorm-stubs/zipball/99d8bcab934ae5362f33660b1cd4b8c4d617c40b",
                "reference": "99d8bcab934ae5362f33660b1cd4b8c4d617c40b",
                "shasum": ""
            },
            "require-dev": {
                "friendsofphp/php-cs-fixer": "@stable",
                "nikic/php-parser": "@stable",
                "php": "^8.0",
                "phpdocumentor/reflection-docblock": "@stable",
                "phpunit/phpunit": "^9.6"
            },
            "type": "library",
            "autoload": {
                "files": [
                    "PhpStormStubsMap.php"
                ]
            },
            "notification-url": "https://packagist.org/downloads/",
            "license": [
                "Apache-2.0"
            ],
            "description": "PHP runtime & extensions header files for PhpStorm",
            "homepage": "https://www.jetbrains.com/phpstorm",
            "keywords": [
                "autocomplete",
                "code",
                "inference",
                "inspection",
                "jetbrains",
                "phpstorm",
                "stubs",
                "type"
            ],
            "support": {
                "source": "https://github.com/JetBrains/phpstorm-stubs/tree/v2023.3"
            },
            "time": "2023-11-01T18:52:29+00:00"
        },
        {
            "name": "laravel/serializable-closure",
            "version": "v2.0.4",
            "source": {
                "type": "git",
                "url": "https://github.com/laravel/serializable-closure.git",
                "reference": "b352cf0534aa1ae6b4d825d1e762e35d43f8a841"
            },
            "dist": {
                "type": "zip",
                "url": "https://api.github.com/repos/laravel/serializable-closure/zipball/b352cf0534aa1ae6b4d825d1e762e35d43f8a841",
                "reference": "b352cf0534aa1ae6b4d825d1e762e35d43f8a841",
                "shasum": ""
            },
            "require": {
                "php": "^8.1"
            },
            "require-dev": {
                "illuminate/support": "^10.0|^11.0|^12.0",
                "nesbot/carbon": "^2.67|^3.0",
                "pestphp/pest": "^2.36|^3.0",
                "phpstan/phpstan": "^2.0",
                "symfony/var-dumper": "^6.2.0|^7.0.0"
            },
            "type": "library",
            "extra": {
                "branch-alias": {
                    "dev-master": "2.x-dev"
                }
            },
            "autoload": {
                "psr-4": {
                    "Laravel\\SerializableClosure\\": "src/"
                }
            },
            "notification-url": "https://packagist.org/downloads/",
            "license": [
                "MIT"
            ],
            "authors": [
                {
                    "name": "Taylor Otwell",
                    "email": "taylor@laravel.com"
                },
                {
                    "name": "Nuno Maduro",
                    "email": "nuno@laravel.com"
                }
            ],
            "description": "Laravel Serializable Closure provides an easy and secure way to serialize closures in PHP.",
            "keywords": [
                "closure",
                "laravel",
                "serializable"
            ],
            "support": {
                "issues": "https://github.com/laravel/serializable-closure/issues",
                "source": "https://github.com/laravel/serializable-closure"
            },
            "time": "2025-03-19T13:51:03+00:00"
        },
        {
            "name": "microsoft/tolerant-php-parser",
            "version": "v0.1.2",
            "source": {
                "type": "git",
                "url": "https://github.com/microsoft/tolerant-php-parser.git",
                "reference": "3eccfd273323aaf69513e2f1c888393f5947804b"
            },
            "dist": {
                "type": "zip",
                "url": "https://api.github.com/repos/microsoft/tolerant-php-parser/zipball/3eccfd273323aaf69513e2f1c888393f5947804b",
                "reference": "3eccfd273323aaf69513e2f1c888393f5947804b",
                "shasum": ""
            },
            "require": {
                "php": ">=7.2"
            },
            "require-dev": {
                "phpunit/phpunit": "^8.5.15"
            },
            "type": "library",
            "autoload": {
                "psr-4": {
                    "Microsoft\\PhpParser\\": [
                        "src/"
                    ]
                }
            },
            "notification-url": "https://packagist.org/downloads/",
            "license": [
                "MIT"
            ],
            "authors": [
                {
                    "name": "Rob Lourens",
                    "email": "roblou@microsoft.com"
                }
            ],
            "description": "Tolerant PHP-to-AST parser designed for IDE usage scenarios",
            "support": {
                "issues": "https://github.com/microsoft/tolerant-php-parser/issues",
                "source": "https://github.com/microsoft/tolerant-php-parser/tree/v0.1.2"
            },
            "time": "2022-10-05T17:30:19+00:00"
        },
        {
            "name": "nette/php-generator",
            "version": "v4.1.8",
            "source": {
                "type": "git",
                "url": "https://github.com/nette/php-generator.git",
                "reference": "42806049a7774a2bd316c958f5dcf01c6b5c56fa"
            },
            "dist": {
                "type": "zip",
                "url": "https://api.github.com/repos/nette/php-generator/zipball/42806049a7774a2bd316c958f5dcf01c6b5c56fa",
                "reference": "42806049a7774a2bd316c958f5dcf01c6b5c56fa",
                "shasum": ""
            },
            "require": {
                "nette/utils": "^3.2.9 || ^4.0",
                "php": "8.0 - 8.4"
            },
            "require-dev": {
                "jetbrains/phpstorm-attributes": "dev-master",
                "nette/tester": "^2.4",
                "nikic/php-parser": "^4.18 || ^5.0",
                "phpstan/phpstan": "^1.0",
                "tracy/tracy": "^2.8"
            },
            "suggest": {
                "nikic/php-parser": "to use ClassType::from(withBodies: true) & ClassType::fromCode()"
            },
            "type": "library",
            "extra": {
                "branch-alias": {
                    "dev-master": "4.1-dev"
                }
            },
            "autoload": {
                "classmap": [
                    "src/"
                ]
            },
            "notification-url": "https://packagist.org/downloads/",
            "license": [
                "BSD-3-Clause",
                "GPL-2.0-only",
                "GPL-3.0-only"
            ],
            "authors": [
                {
                    "name": "David Grudl",
                    "homepage": "https://davidgrudl.com"
                },
                {
                    "name": "Nette Community",
                    "homepage": "https://nette.org/contributors"
                }
            ],
            "description": "🐘 Nette PHP Generator: generates neat PHP code for you. Supports new PHP 8.4 features.",
            "homepage": "https://nette.org",
            "keywords": [
                "code",
                "nette",
                "php",
                "scaffolding"
            ],
            "support": {
                "issues": "https://github.com/nette/php-generator/issues",
                "source": "https://github.com/nette/php-generator/tree/v4.1.8"
            },
            "time": "2025-03-31T00:29:29+00:00"
        },
        {
            "name": "nette/utils",
            "version": "v4.0.6",
            "source": {
                "type": "git",
                "url": "https://github.com/nette/utils.git",
                "reference": "ce708655043c7050eb050df361c5e313cf708309"
            },
            "dist": {
                "type": "zip",
                "url": "https://api.github.com/repos/nette/utils/zipball/ce708655043c7050eb050df361c5e313cf708309",
                "reference": "ce708655043c7050eb050df361c5e313cf708309",
                "shasum": ""
            },
            "require": {
                "php": "8.0 - 8.4"
            },
            "conflict": {
                "nette/finder": "<3",
                "nette/schema": "<1.2.2"
            },
            "require-dev": {
                "jetbrains/phpstorm-attributes": "dev-master",
                "nette/tester": "^2.5",
                "phpstan/phpstan": "^1.0",
                "tracy/tracy": "^2.9"
            },
            "suggest": {
                "ext-gd": "to use Image",
                "ext-iconv": "to use Strings::webalize(), toAscii(), chr() and reverse()",
                "ext-intl": "to use Strings::webalize(), toAscii(), normalize() and compare()",
                "ext-json": "to use Nette\\Utils\\Json",
                "ext-mbstring": "to use Strings::lower() etc...",
                "ext-tokenizer": "to use Nette\\Utils\\Reflection::getUseStatements()"
            },
            "type": "library",
            "extra": {
                "branch-alias": {
                    "dev-master": "4.0-dev"
                }
            },
            "autoload": {
                "classmap": [
                    "src/"
                ]
            },
            "notification-url": "https://packagist.org/downloads/",
            "license": [
                "BSD-3-Clause",
                "GPL-2.0-only",
                "GPL-3.0-only"
            ],
            "authors": [
                {
                    "name": "David Grudl",
                    "homepage": "https://davidgrudl.com"
                },
                {
                    "name": "Nette Community",
                    "homepage": "https://nette.org/contributors"
                }
            ],
            "description": "🛠  Nette Utils: lightweight utilities for string & array manipulation, image handling, safe JSON encoding/decoding, validation, slug or strong password generating etc.",
            "homepage": "https://nette.org",
            "keywords": [
                "array",
                "core",
                "datetime",
                "images",
                "json",
                "nette",
                "paginator",
                "password",
                "slugify",
                "string",
                "unicode",
                "utf-8",
                "utility",
                "validation"
            ],
            "support": {
                "issues": "https://github.com/nette/utils/issues",
                "source": "https://github.com/nette/utils/tree/v4.0.6"
            },
            "time": "2025-03-30T21:06:30+00:00"
        },
        {
            "name": "nikic/php-parser",
            "version": "v4.19.4",
            "source": {
                "type": "git",
                "url": "https://github.com/nikic/PHP-Parser.git",
                "reference": "715f4d25e225bc47b293a8b997fe6ce99bf987d2"
            },
            "dist": {
                "type": "zip",
                "url": "https://api.github.com/repos/nikic/PHP-Parser/zipball/715f4d25e225bc47b293a8b997fe6ce99bf987d2",
                "reference": "715f4d25e225bc47b293a8b997fe6ce99bf987d2",
                "shasum": ""
            },
            "require": {
                "ext-tokenizer": "*",
                "php": ">=7.1"
            },
            "require-dev": {
                "ircmaxell/php-yacc": "^0.0.7",
                "phpunit/phpunit": "^7.0 || ^8.0 || ^9.0"
            },
            "bin": [
                "bin/php-parse"
            ],
            "type": "library",
            "extra": {
                "branch-alias": {
                    "dev-master": "4.9-dev"
                }
            },
            "autoload": {
                "psr-4": {
                    "PhpParser\\": "lib/PhpParser"
                }
            },
            "notification-url": "https://packagist.org/downloads/",
            "license": [
                "BSD-3-Clause"
            ],
            "authors": [
                {
                    "name": "Nikita Popov"
                }
            ],
            "description": "A PHP parser written in PHP",
            "keywords": [
                "parser",
                "php"
            ],
            "support": {
                "issues": "https://github.com/nikic/PHP-Parser/issues",
                "source": "https://github.com/nikic/PHP-Parser/tree/v4.19.4"
            },
            "time": "2024-09-29T15:01:53+00:00"
        },
        {
            "name": "okapi/aop",
            "version": "1.2.15",
            "source": {
                "type": "git",
                "url": "https://github.com/okapi-web/php-aop.git",
                "reference": "943439946ab63e2c3aeadd512487e7e0e655e832"
            },
            "dist": {
                "type": "zip",
                "url": "https://api.github.com/repos/okapi-web/php-aop/zipball/943439946ab63e2c3aeadd512487e7e0e655e832",
                "reference": "943439946ab63e2c3aeadd512487e7e0e655e832",
                "shasum": ""
            },
            "require": {
                "nette/php-generator": "^4.0",
                "okapi/code-transformer": "1.3.7",
                "okapi/singleton": "^1.0",
                "okapi/wildcards": "^1.0",
                "php": ">=8.1",
                "php-di/php-di": "^7.0"
            },
            "require-dev": {
                "phpunit/phpunit": "^10.3",
                "symfony/console": "^6.3",
                "symfony/var-dumper": "^6.3"
            },
            "type": "library",
            "autoload": {
                "psr-4": {
                    "Okapi\\Aop\\": "src/"
                }
            },
            "notification-url": "https://packagist.org/downloads/",
            "license": [
                "MIT"
            ],
            "authors": [
                {
                    "name": "WalterWoshid",
                    "email": "wotschel.valentin@googlemail.com",
                    "homepage": "https://github.com/WalterWoshid"
                }
            ],
            "description": "PHP AOP is a PHP library that provides a powerful Aspect Oriented Programming (AOP) implementation for PHP.",
            "homepage": "https://github.com/okapi-web/php-aop",
            "keywords": [
                "aop",
                "aspect-oriented-programming",
                "php",
                "php-aop"
            ],
            "support": {
                "issues": "https://github.com/okapi-web/php-aop/issues",
                "source": "https://github.com/okapi-web/php-aop/tree/1.2.15"
            },
            "time": "2024-09-07T17:19:25+00:00"
        },
        {
            "name": "okapi/code-transformer",
            "version": "1.3.7",
            "source": {
                "type": "git",
                "url": "https://github.com/okapi-web/php-code-transformer.git",
                "reference": "e936378203c1cc3244d444a367d24df8f2bffe96"
            },
            "dist": {
                "type": "zip",
                "url": "https://api.github.com/repos/okapi-web/php-code-transformer/zipball/e936378203c1cc3244d444a367d24df8f2bffe96",
                "reference": "e936378203c1cc3244d444a367d24df8f2bffe96",
                "shasum": ""
            },
            "require": {
                "microsoft/tolerant-php-parser": "^0.1.2",
                "okapi/filesystem": "^1.0",
                "okapi/path": "^1.0",
                "okapi/singleton": "^1.0",
                "okapi/wildcards": "^1.0",
                "php": ">=8.1",
                "php-di/php-di": "^7.0",
                "roave/better-reflection": "^6.8"
            },
            "require-dev": {
                "phpunit/phpunit": "^10",
                "symfony/var-dumper": "^6.2"
            },
            "type": "library",
            "autoload": {
                "files": [
                    "src/functions.php"
                ],
                "psr-4": {
                    "Okapi\\CodeTransformer\\": "src/"
                }
            },
            "notification-url": "https://packagist.org/downloads/",
            "license": [
                "MIT"
            ],
            "authors": [
                {
                    "name": "WalterWoshid",
                    "email": "wotschel.valentin@googlemail.com",
                    "homepage": "https://github.com/WalterWoshid"
                }
            ],
            "description": "PHP Code Transformer is a PHP library that allows you to modify and transform the source code of a loaded PHP class.",
            "homepage": "https://github.com/okapi-web/php-code-transformer",
            "keywords": [
                "code",
                "php",
                "php-code",
                "transformer"
            ],
            "support": {
                "issues": "https://github.com/okapi-web/php-code-transformer/issues",
                "source": "https://github.com/okapi-web/php-code-transformer/tree/1.3.7"
            },
            "time": "2024-09-07T17:14:03+00:00"
        },
        {
            "name": "okapi/filesystem",
            "version": "1.0.0",
            "source": {
                "type": "git",
                "url": "https://github.com/okapi-web/php-filesystem.git",
                "reference": "51d40c0e4156de316e6df55e42f7453b20fa2b9b"
            },
            "dist": {
                "type": "zip",
                "url": "https://api.github.com/repos/okapi-web/php-filesystem/zipball/51d40c0e4156de316e6df55e42f7453b20fa2b9b",
                "reference": "51d40c0e4156de316e6df55e42f7453b20fa2b9b",
                "shasum": ""
            },
            "require": {
                "php": ">=8.0"
            },
            "require-dev": {
                "jetbrains/phpstorm-attributes": "^1.0",
                "phpunit/phpunit": ">=9.0"
            },
            "type": "library",
            "autoload": {
                "psr-4": {
                    "Okapi\\Filesystem\\": "src/"
                }
            },
            "notification-url": "https://packagist.org/downloads/",
            "license": [
                "MIT"
            ],
            "authors": [
                {
                    "name": "WalterWoshid",
                    "email": "wotschel.valentin@googlemail.com",
                    "homepage": "https://github.com/WalterWoshid"
                }
            ],
            "description": "PHP Filesystem is a PHP library that provides an abstraction layer for the filesystem.",
            "homepage": "https://github.com/okapi-web/php-filesystem",
            "keywords": [
                "directory",
                "file",
                "filesystem",
                "folder",
                "php"
            ],
            "support": {
                "issues": "https://github.com/okapi-web/php-filesystem/issues",
                "source": "https://github.com/okapi-web/php-filesystem/tree/1.0.0"
            },
            "time": "2023-02-18T14:35:00+00:00"
        },
        {
            "name": "okapi/path",
            "version": "1.0.0",
            "source": {
                "type": "git",
                "url": "https://github.com/okapi-web/php-path.git",
                "reference": "4186a1c01fed0b10e9d474d56e91257fc4863fcf"
            },
            "dist": {
                "type": "zip",
                "url": "https://api.github.com/repos/okapi-web/php-path/zipball/4186a1c01fed0b10e9d474d56e91257fc4863fcf",
                "reference": "4186a1c01fed0b10e9d474d56e91257fc4863fcf",
                "shasum": ""
            },
            "require": {
                "php": ">=8.0"
            },
            "require-dev": {
                "phpunit/phpunit": ">=9.0"
            },
            "type": "library",
            "autoload": {
                "psr-4": {
                    "Okapi\\Path\\": "src/"
                }
            },
            "notification-url": "https://packagist.org/downloads/",
            "license": [
                "MIT"
            ],
            "authors": [
                {
                    "name": "WalterWoshid",
                    "email": "wotschel.valentin@googlemail.com",
                    "homepage": "https://github.com/WalterWoshid"
                }
            ],
            "description": "PHP Path is a PHP library that provides utilities for handling file paths.",
            "homepage": "https://github.com/okapi-web/php-path",
            "keywords": [
                "file",
                "filesystem",
                "path",
                "php"
            ],
            "support": {
                "issues": "https://github.com/okapi-web/php-path/issues",
                "source": "https://github.com/okapi-web/php-path/tree/1.0.0"
            },
            "time": "2023-02-17T23:19:15+00:00"
        },
        {
            "name": "okapi/singleton",
            "version": "1.0.3",
            "source": {
                "type": "git",
                "url": "https://github.com/okapi-web/php-singleton.git",
                "reference": "5f35f5a1307dde7584b63a7a9b2ed7148a5e8987"
            },
            "dist": {
                "type": "zip",
                "url": "https://api.github.com/repos/okapi-web/php-singleton/zipball/5f35f5a1307dde7584b63a7a9b2ed7148a5e8987",
                "reference": "5f35f5a1307dde7584b63a7a9b2ed7148a5e8987",
                "shasum": ""
            },
            "require": {
                "php": ">=8.0"
            },
            "require-dev": {
                "phpunit/phpunit": ">=9.0"
            },
            "type": "library",
            "autoload": {
                "psr-4": {
                    "Okapi\\Singleton\\": "src/"
                }
            },
            "notification-url": "https://packagist.org/downloads/",
            "license": [
                "MIT"
            ],
            "authors": [
                {
                    "name": "WalterWoshid",
                    "email": "wotschel.valentin@googlemail.com",
                    "homepage": "https://github.com/WalterWoshid"
                }
            ],
            "description": "PHP Singleton is a PHP library that allows you to create singleton classes with a trait.",
            "homepage": "https://github.com/okapi-web/php-singleton",
            "keywords": [
                "php",
                "singleton",
                "trait"
            ],
            "support": {
                "issues": "https://github.com/okapi-web/php-singleton/issues",
                "source": "https://github.com/okapi-web/php-singleton/tree/1.0.3"
            },
            "time": "2023-03-09T10:04:06+00:00"
        },
        {
            "name": "okapi/wildcards",
            "version": "1.0.1",
            "source": {
                "type": "git",
                "url": "https://github.com/okapi-web/php-wildcards.git",
                "reference": "c2d96ffd4c39d1fe2f0b571341abd334b18ca896"
            },
            "dist": {
                "type": "zip",
                "url": "https://api.github.com/repos/okapi-web/php-wildcards/zipball/c2d96ffd4c39d1fe2f0b571341abd334b18ca896",
                "reference": "c2d96ffd4c39d1fe2f0b571341abd334b18ca896",
                "shasum": ""
            },
            "require": {
                "php": ">=8.0"
            },
            "require-dev": {
                "phpunit/phpunit": "^9.5"
            },
            "type": "library",
            "autoload": {
                "psr-4": {
                    "Okapi\\Wildcards\\": "src/"
                }
            },
            "notification-url": "https://packagist.org/downloads/",
            "license": [
                "MIT"
            ],
            "authors": [
                {
                    "name": "Walter Woshid",
                    "email": "wotschel.valentin@googlemail.com",
                    "homepage": "https://github.com/WalterWoshid"
                }
            ],
            "description": "PHP Wildcards is a PHP library that converts wildcards to regular expressions.",
            "homepage": "https://github.com/okapi-web/php-wildcards",
            "keywords": [
                "php",
                "wildcard",
                "wildcard matching",
                "wildcards"
            ],
            "support": {
                "issues": "https://github.com/okapi-web/php-wildcards/issues",
                "source": "https://github.com/okapi-web/php-wildcards/tree/1.0.1"
            },
            "time": "2023-06-05T15:32:19+00:00"
        },
        {
            "name": "php-di/invoker",
            "version": "2.3.6",
            "source": {
                "type": "git",
                "url": "https://github.com/PHP-DI/Invoker.git",
                "reference": "59f15608528d8a8838d69b422a919fd6b16aa576"
            },
            "dist": {
                "type": "zip",
                "url": "https://api.github.com/repos/PHP-DI/Invoker/zipball/59f15608528d8a8838d69b422a919fd6b16aa576",
                "reference": "59f15608528d8a8838d69b422a919fd6b16aa576",
                "shasum": ""
            },
            "require": {
                "php": ">=7.3",
                "psr/container": "^1.0|^2.0"
            },
            "require-dev": {
                "athletic/athletic": "~0.1.8",
                "mnapoli/hard-mode": "~0.3.0",
                "phpunit/phpunit": "^9.0"
            },
            "type": "library",
            "autoload": {
                "psr-4": {
                    "Invoker\\": "src/"
                }
            },
            "notification-url": "https://packagist.org/downloads/",
            "license": [
                "MIT"
            ],
            "description": "Generic and extensible callable invoker",
            "homepage": "https://github.com/PHP-DI/Invoker",
            "keywords": [
                "callable",
                "dependency",
                "dependency-injection",
                "injection",
                "invoke",
                "invoker"
            ],
            "support": {
                "issues": "https://github.com/PHP-DI/Invoker/issues",
                "source": "https://github.com/PHP-DI/Invoker/tree/2.3.6"
            },
            "funding": [
                {
                    "url": "https://github.com/mnapoli",
                    "type": "github"
                }
            ],
            "time": "2025-01-17T12:49:27+00:00"
        },
        {
            "name": "php-di/php-di",
            "version": "7.0.10",
            "source": {
                "type": "git",
                "url": "https://github.com/PHP-DI/PHP-DI.git",
                "reference": "0d1ed64126577e9a095b3204dcaee58cf76432c2"
            },
            "dist": {
                "type": "zip",
                "url": "https://api.github.com/repos/PHP-DI/PHP-DI/zipball/0d1ed64126577e9a095b3204dcaee58cf76432c2",
                "reference": "0d1ed64126577e9a095b3204dcaee58cf76432c2",
                "shasum": ""
            },
            "require": {
                "laravel/serializable-closure": "^1.0 || ^2.0",
                "php": ">=8.0",
                "php-di/invoker": "^2.0",
                "psr/container": "^1.1 || ^2.0"
            },
            "provide": {
                "psr/container-implementation": "^1.0"
            },
            "require-dev": {
                "friendsofphp/php-cs-fixer": "^3",
                "friendsofphp/proxy-manager-lts": "^1",
                "mnapoli/phpunit-easymock": "^1.3",
                "phpunit/phpunit": "^9.6 || ^10 || ^11",
                "vimeo/psalm": "^5|^6"
            },
            "suggest": {
                "friendsofphp/proxy-manager-lts": "Install it if you want to use lazy injection (version ^1)"
            },
            "type": "library",
            "autoload": {
                "files": [
                    "src/functions.php"
                ],
                "psr-4": {
                    "DI\\": "src/"
                }
            },
            "notification-url": "https://packagist.org/downloads/",
            "license": [
                "MIT"
            ],
            "description": "The dependency injection container for humans",
            "homepage": "https://php-di.org/",
            "keywords": [
                "PSR-11",
                "container",
                "container-interop",
                "dependency injection",
                "di",
                "ioc",
                "psr11"
            ],
            "support": {
                "issues": "https://github.com/PHP-DI/PHP-DI/issues",
                "source": "https://github.com/PHP-DI/PHP-DI/tree/7.0.10"
            },
            "funding": [
                {
                    "url": "https://github.com/mnapoli",
                    "type": "github"
                },
                {
                    "url": "https://tidelift.com/funding/github/packagist/php-di/php-di",
                    "type": "tidelift"
                }
            ],
            "time": "2025-04-22T08:53:15+00:00"
        },
        {
            "name": "psr/container",
            "version": "2.0.2",
            "source": {
                "type": "git",
                "url": "https://github.com/php-fig/container.git",
                "reference": "c71ecc56dfe541dbd90c5360474fbc405f8d5963"
            },
            "dist": {
                "type": "zip",
                "url": "https://api.github.com/repos/php-fig/container/zipball/c71ecc56dfe541dbd90c5360474fbc405f8d5963",
                "reference": "c71ecc56dfe541dbd90c5360474fbc405f8d5963",
                "shasum": ""
            },
            "require": {
                "php": ">=7.4.0"
            },
            "type": "library",
            "extra": {
                "branch-alias": {
                    "dev-master": "2.0.x-dev"
                }
            },
            "autoload": {
                "psr-4": {
                    "Psr\\Container\\": "src/"
                }
            },
            "notification-url": "https://packagist.org/downloads/",
            "license": [
                "MIT"
            ],
            "authors": [
                {
                    "name": "PHP-FIG",
                    "homepage": "https://www.php-fig.org/"
                }
            ],
            "description": "Common Container Interface (PHP FIG PSR-11)",
            "homepage": "https://github.com/php-fig/container",
            "keywords": [
                "PSR-11",
                "container",
                "container-interface",
                "container-interop",
                "psr"
            ],
            "support": {
                "issues": "https://github.com/php-fig/container/issues",
                "source": "https://github.com/php-fig/container/tree/2.0.2"
            },
            "time": "2021-11-05T16:47:00+00:00"
        },
        {
            "name": "roave/better-reflection",
            "version": "6.24.0",
            "source": {
                "type": "git",
                "url": "https://github.com/Roave/BetterReflection.git",
                "reference": "05145f01487335a9729d66448ad4d266826db10e"
            },
            "dist": {
                "type": "zip",
                "url": "https://api.github.com/repos/Roave/BetterReflection/zipball/05145f01487335a9729d66448ad4d266826db10e",
                "reference": "05145f01487335a9729d66448ad4d266826db10e",
                "shasum": ""
            },
            "require": {
                "ext-json": "*",
                "jetbrains/phpstorm-stubs": "2023.3",
                "nikic/php-parser": "^4.18.0",
                "php": "~8.1.0 || ~8.2.0 || ~8.3.0",
                "roave/signature": "^1.8.0"
            },
            "conflict": {
                "thecodingmachine/safe": "<1.1.3"
            },
            "require-dev": {
                "doctrine/coding-standard": "^12.0.0",
                "phpstan/phpstan": "^1.10.58",
                "phpstan/phpstan-phpunit": "^1.3.15",
                "phpunit/phpunit": "^10.5.10",
                "roave/infection-static-analysis-plugin": "^1.34.0",
                "vimeo/psalm": "5.21.1"
            },
            "suggest": {
                "composer/composer": "Required to use the ComposerSourceLocator"
            },
            "type": "library",
            "autoload": {
                "psr-4": {
                    "Roave\\BetterReflection\\": "src"
                }
            },
            "notification-url": "https://packagist.org/downloads/",
            "license": [
                "MIT"
            ],
            "authors": [
                {
                    "name": "James Titcumb",
                    "email": "james@asgrim.com",
                    "homepage": "https://github.com/asgrim"
                },
                {
                    "name": "Marco Pivetta",
                    "email": "ocramius@gmail.com",
                    "homepage": "https://ocramius.github.io/"
                },
                {
                    "name": "Gary Hockin",
                    "email": "gary@roave.com",
                    "homepage": "https://github.com/geeh"
                },
                {
                    "name": "Jaroslav Hanslík",
                    "email": "kukulich@kukulich.cz",
                    "homepage": "https://github.com/kukulich"
                }
            ],
            "description": "Better Reflection - an improved code reflection API",
            "support": {
                "issues": "https://github.com/Roave/BetterReflection/issues",
                "source": "https://github.com/Roave/BetterReflection/tree/6.24.0"
            },
            "time": "2024-03-08T15:43:47+00:00"
        },
        {
            "name": "roave/signature",
            "version": "1.9.0",
            "source": {
                "type": "git",
                "url": "https://github.com/Roave/Signature.git",
                "reference": "f30f7107f08215cea86a6996613bf86c20db1bda"
            },
            "dist": {
                "type": "zip",
                "url": "https://api.github.com/repos/Roave/Signature/zipball/f30f7107f08215cea86a6996613bf86c20db1bda",
                "reference": "f30f7107f08215cea86a6996613bf86c20db1bda",
                "shasum": ""
            },
            "require": {
                "php": "~8.2.0 || ~8.3.0 || ~8.4.0"
            },
            "require-dev": {
                "doctrine/coding-standard": "^12.0.0",
                "phpunit/phpunit": "^11.5.6",
                "psalm/plugin-phpunit": "^0.19.2",
                "roave/infection-static-analysis-plugin": "^1.36.0",
                "vimeo/psalm": "^6.4.0"
            },
            "type": "library",
            "autoload": {
                "psr-4": {
                    "Roave\\Signature\\": "src"
                }
            },
            "notification-url": "https://packagist.org/downloads/",
            "license": [
                "MIT"
            ],
            "description": "Sign and verify stuff",
            "support": {
                "issues": "https://github.com/Roave/Signature/issues",
                "source": "https://github.com/Roave/Signature/tree/1.9.0"
            },
            "abandoned": true,
            "time": "2025-02-05T15:43:11+00:00"
        },
        {
            "name": "steampixel/simple-php-router",
            "version": "0.7.1",
            "source": {
                "type": "git",
                "url": "https://github.com/steampixel/simplePHPRouter.git",
                "reference": "c996d75b34c2c6da45d4dc737f61c0ee8fed5d2b"
            },
            "dist": {
                "type": "zip",
                "url": "https://api.github.com/repos/steampixel/simplePHPRouter/zipball/c996d75b34c2c6da45d4dc737f61c0ee8fed5d2b",
                "reference": "c996d75b34c2c6da45d4dc737f61c0ee8fed5d2b",
                "shasum": ""
            },
            "type": "library",
            "autoload": {
                "psr-0": {
                    "Steampixel": "src/"
                }
            },
            "notification-url": "https://packagist.org/downloads/",
            "license": [
                "MIT"
            ],
            "authors": [
                {
                    "name": "Steampixel",
                    "email": "info@steampixel.de",
                    "homepage": "https://steampixel.de/"
                },
                {
                    "name": "Maximilian Götz",
                    "email": "contact@maxbits.net",
                    "homepage": "https://www.maxbits.net/"
                }
            ],
            "description": "This is a simple and small PHP router that can handle the whole url routing for your project.",
            "support": {
                "issues": "https://github.com/steampixel/simplePHPRouter/issues",
                "source": "https://github.com/steampixel/simplePHPRouter/tree/0.7.1"
            },
            "time": "2022-10-12T18:04:20+00:00"
        }
    ],
    "packages-dev": [],
    "aliases": [],
    "minimum-stability": "stable",
    "stability-flags": [],
    "prefer-stable": false,
    "prefer-lowest": false,
    "platform": [],
    "platform-dev": [],
    "plugin-api-version": "2.6.0"
}
